
Microsoft Visual Studio Solution File, Format Version 11.00
# Visual Studio 2010
Project("{F184B08F-C81C-45F6-A57F-5ABD9991F28F}") = "uasHotel", "uasHotel\uasHotel.vbproj", "{28111A97-6496-4A5A-A65C-03C7F4CEAEFE}"
EndProject
Global
	GlobalSection(SolutionConfigurationPlatforms) = preSolution
		Debug|x86 = Debug|x86
		Release|x86 = Release|x86
	EndGlobalSection
	GlobalSection(ProjectConfigurationPlatforms) = postSolution
		{28111A97-6496-4A5A-A65C-03C7F4CEAEFE}.Debug|x86.ActiveCfg = Debug|x86
		{28111A97-6496-4A5A-A65C-03C7F4CEAEFE}.Debug|x86.Build.0 = Debug|x86
		{28111A97-6496-4A5A-A65C-03C7F4CEAEFE}.Release|x86.ActiveCfg = Release|x86
		{28111A97-6496-4A5A-A65C-03C7F4CEAEFE}.Release|x86.Build.0 = Release|x86
	EndGlobalSection
	GlobalSection(SolutionProperties) = preSolution
		HideSolutionNode = FALSE
	EndGlobalSection
EndGlobal
